Microsoft Visual Studio Solution File, Format Version 12.00
# Visual Studio 15
VisualStudioVersion = 15.0.27130.2020
MinimumVisualStudioVersion = 10.0.40219.1
Project("{9A19103F-16F7-4668-BE54-9A1E7A4F7556}") = "CPqDASR", "CPqDAsr\CPqDASR.csproj", "{BC6F6899-2159-4143-BB7E-B14098C4CF6C}"
EndProject
Project("{9A19103F-16F7-4668-BE54-9A1E7A4F7556}") = "CPqDWSClient", "CPqDWebSocketStandard\CPqDWebSocketStandard\CPqDWSClient.csproj", "{6F0B4136-CD21-4935-847B-764A0F6D3DFA}"
EndProject
Project("{9A19103F-16F7-4668-BE54-9A1E7A4F7556}") = "CPqDASRUnitTest", "CPqDASRUnitTest\CPqDASRUnitTest.csproj", "{7F847EF7-7044-4F51-9CF5-D662947F2934}"
EndProject
Global
	GlobalSection(SolutionConfigurationPlatforms) = preSolution
		Debug|Any CPU = Debug|Any CPU
		Debug|ARM = Debug|ARM
		Debug|x64 = Debug|x64
		Debug|x86 = Debug|x86
		Release|Any CPU = Release|Any CPU
		Release|ARM = Release|ARM
		Release|x64 = Release|x64
		Release|x86 = Release|x86
	EndGlobalSection
	GlobalSection(ProjectConfigurationPlatforms) = postSolution
		{BC6F6899-2159-4143-BB7E-B14098C4CF6C}.Debug|Any CPU.ActiveCfg = Debug|Any CPU
		{BC6F6899-2159-4143-BB7E-B14098C4CF6C}.Debug|Any CPU.Build.0 = Debug|Any CPU
		{BC6F6899-2159-4143-BB7E-B14098C4CF6C}.Debug|ARM.ActiveCfg = Debug|Any CPU
		{BC6F6899-2159-4143-BB7E-B14098C4CF6C}.Debug|ARM.Build.0 = Debug|Any CPU
		{BC6F6899-2159-4143-BB7E-B14098C4CF6C}.Debug|x64.ActiveCfg = Debug|Any CPU
		{BC6F6899-2159-4143-BB7E-B14098C4CF6C}.Debug|x64.Build.0 = Debug|Any CPU
		{BC6F6899-2159-4143-BB7E-B14098C4CF6C}.Debug|x86.ActiveCfg = Debug|Any CPU
		{BC6F6899-2159-4143-BB7E-B14098C4CF6C}.Debug|x86.Build.0 = Debug|Any CPU
		{BC6F6899-2159-4143-BB7E-B14098C4CF6C}.Release|Any CPU.ActiveCfg = Release|Any CPU
		{BC6F6899-2159-4143-BB7E-B14098C4CF6C}.Release|Any CPU.Build.0 = Release|Any CPU
		{BC6F6899-2159-4143-BB7E-B14098C4CF6C}.Release|ARM.ActiveCfg = Release|Any CPU
		{BC6F6899-2159-4143-BB7E-B14098C4CF6C}.Release|ARM.Build.0 = Release|Any CPU
		{BC6F6899-2159-4143-BB7E-B14098C4CF6C}.Release|x64.ActiveCfg = Release|Any CPU
		{BC6F6899-2159-4143-BB7E-B14098C4CF6C}.Release|x64.Build.0 = Release|Any CPU
		{BC6F6899-2159-4143-BB7E-B14098C4CF6C}.Release|x86.ActiveCfg = Release|Any CPU
		{BC6F6899-2159-4143-BB7E-B14098C4CF6C}.Release|x86.Build.0 = Release|Any CPU
		{6F0B4136-CD21-4935-847B-764A0F6D3DFA}.Debug|Any CPU.ActiveCfg = Debug|Any CPU
		{6F0B4136-CD21-4935-847B-764A0F6D3DFA}.Debug|Any CPU.Build.0 = Debug|Any CPU
		{6F0B4136-CD21-4935-847B-764A0F6D3DFA}.Debug|ARM.ActiveCfg = Debug|Any CPU
		{6F0B4136-CD21-4935-847B-764A0F6D3DFA}.Debug|ARM.Build.0 = Debug|Any CPU
		{6F0B4136-CD21-4935-847B-764A0F6D3DFA}.Debug|x64.ActiveCfg = Debug|Any CPU
		{6F0B4136-CD21-4935-847B-764A0F6D3DFA}.Debug|x64.Build.0 = Debug|Any CPU
		{6F0B4136-CD21-4935-847B-764A0F6D3DFA}.Debug|x86.ActiveCfg = Debug|Any CPU
		{6F0B4136-CD21-4935-847B-764A0F6D3DFA}.Debug|x86.Build.0 = Debug|Any CPU
		{6F0B4136-CD21-4935-847B-764A0F6D3DFA}.Release|Any CPU.ActiveCfg = Release|Any CPU
		{6F0B4136-CD21-4935-847B-764A0F6D3DFA}.Release|Any CPU.Build.0 = Release|Any CPU
		{6F0B4136-CD21-4935-847B-764A0F6D3DFA}.Release|ARM.ActiveCfg = Release|Any CPU
		{6F0B4136-CD21-4935-847B-764A0F6D3DFA}.Release|ARM.Build.0 = Release|Any CPU
		{6F0B4136-CD21-4935-847B-764A0F6D3DFA}.Release|x64.ActiveCfg = Release|Any CPU
		{6F0B4136-CD21-4935-847B-764A0F6D3DFA}.Release|x64.Build.0 = Release|Any CPU
		{6F0B4136-CD21-4935-847B-764A0F6D3DFA}.Release|x86.ActiveCfg = Release|Any CPU
		{6F0B4136-CD21-4935-847B-764A0F6D3DFA}.Release|x86.Build.0 = Release|Any CPU
		{7F847EF7-7044-4F51-9CF5-D662947F2934}.Debug|Any CPU.ActiveCfg = Debug|Any CPU
		{7F847EF7-7044-4F51-9CF5-D662947F2934}.Debug|Any CPU.Build.0 = Debug|Any CPU
		{7F847EF7-7044-4F51-9CF5-D662947F2934}.Debug|ARM.ActiveCfg = Debug|Any CPU
		{7F847EF7-7044-4F51-9CF5-D662947F2934}.Debug|ARM.Build.0 = Debug|Any CPU
		{7F847EF7-7044-4F51-9CF5-D662947F2934}.Debug|x64.ActiveCfg = Debug|Any CPU
		{7F847EF7-7044-4F51-9CF5-D662947F2934}.Debug|x64.Build.0 = Debug|Any CPU
		{7F847EF7-7044-4F51-9CF5-D662947F2934}.Debug|x86.ActiveCfg = Debug|Any CPU
		{7F847EF7-7044-4F51-9CF5-D662947F2934}.Debug|x86.Build.0 = Debug|Any CPU
		{7F847EF7-7044-4F51-9CF5-D662947F2934}.Release|Any CPU.ActiveCfg = Release|Any CPU
		{7F847EF7-7044-4F51-9CF5-D662947F2934}.Release|Any CPU.Build.0 = Release|Any CPU
		{7F847EF7-7044-4F51-9CF5-D662947F2934}.Release|ARM.ActiveCfg = Release|Any CPU
		{7F847EF7-7044-4F51-9CF5-D662947F2934}.Release|ARM.Build.0 = Release|Any CPU
		{7F847EF7-7044-4F51-9CF5-D662947F2934}.Release|x64.ActiveCfg = Release|Any CPU
		{7F847EF7-7044-4F51-9CF5-D662947F2934}.Release|x64.Build.0 = Release|Any CPU
		{7F847EF7-7044-4F51-9CF5-D662947F2934}.Release|x86.ActiveCfg = Release|Any CPU
		{7F847EF7-7044-4F51-9CF5-D662947F2934}.Release|x86.Build.0 = Release|Any CPU
	EndGlobalSection
	GlobalSection(SolutionProperties) = preSolution
		HideSolutionNode = FALSE
	EndGlobalSection
	GlobalSection(ExtensibilityGlobals) = postSolution
		SolutionGuid = {EA734050-9742-4C75-B5F5-236A080C719A}
	EndGlobalSection
EndGlobal
